
Microsoft Visual Studio Solution File, Format Version 12.00
# Visual Studio 14
VisualStudioVersion = 14.0.25420.1
MinimumVisualStudioVersion = 10.0.40219.1
Project("{FAE04EC0-301F-11D3-BF4B-00C04F79EFBC}") = "Ex46_LunchMenu", "Ex46_LunchMenu\Ex46_LunchMenu.csproj", "{96EA7DAA-7656-473F-AECA-C23DD8E60DCE}"
EndProject
Global
	GlobalSection(SolutionConfigurationPlatforms) = preSolution
		Debug|Any CPU = Debug|Any CPU
		Release|Any CPU = Release|Any CPU
	EndGlobalSection
	GlobalSection(ProjectConfigurationPlatforms) = postSolution
		{96EA7DAA-7656-473F-AECA-C23DD8E60DCE}.Debug|Any CPU.ActiveCfg = Debug|Any CPU
		{96EA7DAA-7656-473F-AECA-C23DD8E60DCE}.Debug|Any CPU.Build.0 = Debug|Any CPU
		{96EA7DAA-7656-473F-AECA-C23DD8E60DCE}.Release|Any CPU.ActiveCfg = Release|Any CPU
		{96EA7DAA-7656-473F-AECA-C23DD8E60DCE}.Release|Any CPU.Build.0 = Release|Any CPU
	EndGlobalSection
	GlobalSection(SolutionProperties) = preSolution
		HideSolutionNode = FALSE
	EndGlobalSection
EndGlobal
