
Microsoft Visual Studio Solution File, Format Version 12.00
# Visual Studio 14
VisualStudioVersion = 14.0.25420.1
MinimumVisualStudioVersion = 10.0.40219.1
Project("{FAE04EC0-301F-11D3-BF4B-00C04F79EFBC}") = "Ex63_FlipBook", "Ex63_FlipBook\Ex63_FlipBook.csproj", "{ACCBF4C5-3FB3-4B4C-AE10-86E1585CDEE7}"
EndProject
Global
	GlobalSection(SolutionConfigurationPlatforms) = preSolution
		Debug|Any CPU = Debug|Any CPU
		Release|Any CPU = Release|Any CPU
	EndGlobalSection
	GlobalSection(ProjectConfigurationPlatforms) = postSolution
		{ACCBF4C5-3FB3-4B4C-AE10-86E1585CDEE7}.Debug|Any CPU.ActiveCfg = Debug|Any CPU
		{ACCBF4C5-3FB3-4B4C-AE10-86E1585CDEE7}.Debug|Any CPU.Build.0 = Debug|Any CPU
		{ACCBF4C5-3FB3-4B4C-AE10-86E1585CDEE7}.Release|Any CPU.ActiveCfg = Release|Any CPU
		{ACCBF4C5-3FB3-4B4C-AE10-86E1585CDEE7}.Release|Any CPU.Build.0 = Release|Any CPU
	EndGlobalSection
	GlobalSection(SolutionProperties) = preSolution
		HideSolutionNode = FALSE
	EndGlobalSection
EndGlobal
